
Microsoft Visual Studio Solution File, Format Version 12.00
# Visual Studio Version 17
VisualStudioVersion = 17.6.33815.320
MinimumVisualStudioVersion = 10.0.40219.1
Project("{9A19103F-16F7-4668-BE54-9A1E7A4F7556}") = "Core", "..\MyFinalProject\Core\Core.csproj", "{FA934A3B-DA0C-463A-9745-E7CFC746C780}"
EndProject
Project("{FAE04EC0-301F-11D3-BF4B-00C04F79EFBC}") = "DataAccess", "DataAccess\DataAccess.csproj", "{F60F7C21-5223-4BFF-B4C8-8B66794FFD59}"
EndProject
Project("{FAE04EC0-301F-11D3-BF4B-00C04F79EFBC}") = "Business", "Business\Business.csproj", "{D38BFD6D-E6B7-4B2A-99AD-30CCC80D9022}"
EndProject
Project("{FAE04EC0-301F-11D3-BF4B-00C04F79EFBC}") = "Entities", "Entities\Entities.csproj", "{CA40DA69-60C5-440E-82F1-E5CD82713398}"
EndProject
Project("{FAE04EC0-301F-11D3-BF4B-00C04F79EFBC}") = "WebAPI", "WebAPI\WebAPI.csproj", "{D3ED0587-B73A-4B7E-9488-3336C4D43391}"
EndProject
Global
	GlobalSection(SolutionConfigurationPlatforms) = preSolution
		Debug|Any CPU = Debug|Any CPU
		Release|Any CPU = Release|Any CPU
	EndGlobalSection
	GlobalSection(ProjectConfigurationPlatforms) = postSolution
		{FA934A3B-DA0C-463A-9745-E7CFC746C780}.Debug|Any CPU.ActiveCfg = Debug|Any CPU
		{FA934A3B-DA0C-463A-9745-E7CFC746C780}.Debug|Any CPU.Build.0 = Debug|Any CPU
		{FA934A3B-DA0C-463A-9745-E7CFC746C780}.Release|Any CPU.ActiveCfg = Release|Any CPU
		{FA934A3B-DA0C-463A-9745-E7CFC746C780}.Release|Any CPU.Build.0 = Release|Any CPU
		{F60F7C21-5223-4BFF-B4C8-8B66794FFD59}.Debug|Any CPU.ActiveCfg = Debug|Any CPU
		{F60F7C21-5223-4BFF-B4C8-8B66794FFD59}.Debug|Any CPU.Build.0 = Debug|Any CPU
		{F60F7C21-5223-4BFF-B4C8-8B66794FFD59}.Release|Any CPU.ActiveCfg = Release|Any CPU
		{F60F7C21-5223-4BFF-B4C8-8B66794FFD59}.Release|Any CPU.Build.0 = Release|Any CPU
		{D38BFD6D-E6B7-4B2A-99AD-30CCC80D9022}.Debug|Any CPU.ActiveCfg = Debug|Any CPU
		{D38BFD6D-E6B7-4B2A-99AD-30CCC80D9022}.Debug|Any CPU.Build.0 = Debug|Any CPU
		{D38BFD6D-E6B7-4B2A-99AD-30CCC80D9022}.Release|Any CPU.ActiveCfg = Release|Any CPU
		{D38BFD6D-E6B7-4B2A-99AD-30CCC80D9022}.Release|Any CPU.Build.0 = Release|Any CPU
		{CA40DA69-60C5-440E-82F1-E5CD82713398}.Debug|Any CPU.ActiveCfg = Debug|Any CPU
		{CA40DA69-60C5-440E-82F1-E5CD82713398}.Debug|Any CPU.Build.0 = Debug|Any CPU
		{CA40DA69-60C5-440E-82F1-E5CD82713398}.Release|Any CPU.ActiveCfg = Release|Any CPU
		{CA40DA69-60C5-440E-82F1-E5CD82713398}.Release|Any CPU.Build.0 = Release|Any CPU
		{D3ED0587-B73A-4B7E-9488-3336C4D43391}.Debug|Any CPU.ActiveCfg = Debug|Any CPU
		{D3ED0587-B73A-4B7E-9488-3336C4D43391}.Debug|Any CPU.Build.0 = Debug|Any CPU
		{D3ED0587-B73A-4B7E-9488-3336C4D43391}.Release|Any CPU.ActiveCfg = Release|Any CPU
		{D3ED0587-B73A-4B7E-9488-3336C4D43391}.Release|Any CPU.Build.0 = Release|Any CPU
	EndGlobalSection
	GlobalSection(SolutionProperties) = preSolution
		HideSolutionNode = FALSE
	EndGlobalSection
	GlobalSection(ExtensibilityGlobals) = postSolution
		SolutionGuid = {9B4A3B74-527C-4158-8DF8-3B3C1C6C8491}
	EndGlobalSection
EndGlobal
